// !$*UTF8*$!
{
	archiveVersion = 1;
	classes = {
	};
	objectVersion = 50;
	objects = {

/* Begin PBXBuildFile section */
		63F14482234264700085425F /* AppDelegate.swift in Sources */ = {isa = PBXBuildFile; fileRef = 63F14481234264700085425F /* AppDelegate.swift */; };
		63F14484234264700085425F /* ViewController.swift in Sources */ = {isa = PBXBuildFile; fileRef = 63F14483234264700085425F /* ViewController.swift */; };
		63F14487234264700085425F /* Main.storyboard in Resources */ = {isa = PBXBuildFile; fileRef = 63F14485234264700085425F /* Main.storyboard */; };
		63F14489234264730085425F /* Assets.xcassets in Resources */ = {isa = PBXBuildFile; fileRef = 63F14488234264730085425F /* Assets.xcassets */; };
		63F1448C234264730085425F /* LaunchScreen.storyboard in Resources */ = {isa = PBXBuildFile; fileRef = 63F1448A234264730085425F /* LaunchScreen.storyboard */; };
		63F14498234265BF0085425F /* Post.swift in Sources */ = {isa = PBXBuildFile; fileRef = 63F14497234265BF0085425F /* Post.swift */; };
		63F1449A234265CC0085425F /* PostController.swift in Sources */ = {isa = PBXBuildFile; fileRef = 63F14499234265CC0085425F /* PostController.swift */; };
		63F1449C23426F8D0085425F /* ViewControllerCVCell.swift in Sources */ = {isa = PBXBuildFile; fileRef = 63F1449B23426F8D0085425F /* ViewControllerCVCell.swift */; };
/* End PBXBuildFile section */

/* Begin PBXFileReference section */
		63F1447E234264700085425F /* DummyAlbum.app */ = {isa = PBXFileReference; explicitFileType = wrapper.application; includeInIndex = 0; path = DummyAlbum.app; sourceTree = BUILT_PRODUCTS_DIR; };
		63F14481234264700085425F /* AppDelegate.swift */ = {isa = PBXFileReference; lastKnownFileType = sourcecode.swift; path = AppDelegate.swift; sourceTree = "<group>"; };
		63F14483234264700085425F /* ViewController.swift */ = {isa = PBXFileReference; lastKnownFileType = sourcecode.swift; path = ViewController.swift; sourceTree = "<group>"; };
		63F14486234264700085425F /* Base */ = {isa = PBXFileReference; lastKnownFileType = file.storyboard; name = Base; path = Base.lproj/Main.storyboard; sourceTree = "<group>"; };
		63F14488234264730085425F /* Assets.xcassets */ = {isa = PBXFileReference; lastKnownFileType = folder.assetcatalog; path = Assets.xcassets; sourceTree = "<group>"; };
		63F1448B234264730085425F /* Base */ = {isa = PBXFileReference; lastKnownFileType = file.storyboard; name = Base; path = Base.lproj/LaunchScreen.storyboard; sourceTree = "<group>"; };
		63F1448D234264730085425F /* Info.plist */ = {isa = PBXFileReference; lastKnownFileType = text.plist.xml; path = Info.plist; sourceTree = "<group>"; };
		63F14497234265BF0085425F /* Post.swift */ = {isa = PBXFileReference; lastKnownFileType = sourcecode.swift; path = Post.swift; sourceTree = "<group>"; };
		63F14499234265CC0085425F /* PostController.swift */ = {isa = PBXFileReference; lastKnownFileType = sourcecode.swift; path = PostController.swift; sourceTree = "<group>"; };
		63F1449B23426F8D0085425F /* ViewControllerCVCell.swift */ = {isa = PBXFileReference; lastKnownFileType = sourcecode.swift; path = ViewControllerCVCell.swift; sourceTree = "<group>"; };
/* End PBXFileReference section */

/* Begin PBXFrameworksBuildPhase section */
		63F1447B234264700085425F /* Frameworks */ = {
			isa = PBXFrameworksBuildPhase;
			buildActionMask = 2147483647;
			files = (
			);
			runOnlyForDeploymentPostprocessing = 0;
		};
/* End PBXFrameworksBuildPhase section */

/* Begin PBXGroup section */
		63F14475234264700085425F = {
			isa = PBXGroup;
			children = (
				63F14480234264700085425F /* DummyAlbum */,
				63F1447F234264700085425F /* Products */,
			);
			sourceTree = "<group>";
		};
		63F1447F234264700085425F /* Products */ = {
			isa = PBXGroup;
			children = (
				63F1447E234264700085425F /* DummyAlbum.app */,
			);
			name = Products;
			sourceTree = "<group>";
		};
		63F14480234264700085425F /* DummyAlbum */ = {
			isa = PBXGroup;
			children = (
				63F14485234264700085425F /* Main.storyboard */,
				63F14496234265AE0085425F /* ViewController */,
				63F14495234265A70085425F /* ModelController */,
				63F14494234265A10085425F /* Model */,
				63F144932342657D0085425F /* Resources */,
			);
			path = DummyAlbum;
			sourceTree = "<group>";
		};
		63F144932342657D0085425F /* Resources */ = {
			isa = PBXGroup;
			children = (
				63F14481234264700085425F /* AppDelegate.swift */,
				63F14488234264730085425F /* Assets.xcassets */,
				63F1448A234264730085425F /* LaunchScreen.storyboard */,
				63F1448D234264730085425F /* Info.plist */,
			);
			path = Resources;
			sourceTree = "<group>";
		};
		63F14494234265A10085425F /* Model */ = {
			isa = PBXGroup;
			children = (
				63F14497234265BF0085425F /* Post.swift */,
			);
			path = Model;
			sourceTree = "<group>";
		};
		63F14495234265A70085425F /* ModelController */ = {
			isa = PBXGroup;
			children = (
				63F14499234265CC0085425F /* PostController.swift */,
			);
			path = ModelController;
			sourceTree = "<group>";
		};
		63F14496234265AE0085425F /* ViewController */ = {
			isa = PBXGroup;
			children = (
				63F14483234264700085425F /* ViewController.swift */,
				63F1449B23426F8D0085425F /* ViewControllerCVCell.swift */,
			);
			path = ViewController;
			sourceTree = "<group>";
		};
/* End PBXGroup section */

/* Begin PBXNativeTarget section */
		63F1447D234264700085425F /* DummyAlbum */ = {
			isa = PBXNativeTarget;
			buildConfigurationList = 63F14490234264730085425F /* Build configuration list for PBXNativeTarget "DummyAlbum" */;
			buildPhases = (
				63F1447A234264700085425F /* Sources */,
				63F1447B234264700085425F /* Frameworks */,
				63F1447C234264700085425F /* Resources */,
			);
			buildRules = (
			);
			dependencies = (
			);
			name = DummyAlbum;
			productName = DummyAlbum;
			productReference = 63F1447E234264700085425F /* DummyAlbum.app */;
			productType = "com.apple.product-type.application";
		};
/* End PBXNativeTarget section */

/* Begin PBXProject section */
		63F14476234264700085425F /* Project object */ = {
			isa = PBXProject;
			attributes = {
				LastSwiftUpdateCheck = 1030;
				LastUpgradeCheck = 1030;
				ORGANIZATIONNAME = "Blake kvarfordt";
				TargetAttributes = {
					63F1447D234264700085425F = {
						CreatedOnToolsVersion = 10.3;
					};
				};
			};
			buildConfigurationList = 63F14479234264700085425F /* Build configuration list for PBXProject "DummyAlbum" */;
			compatibilityVersion = "Xcode 9.3";
			developmentRegion = en;
			hasScannedForEncodings = 0;
			knownRegions = (
				en,
				Base,
			);
			mainGroup = 63F14475234264700085425F;
			productRefGroup = 63F1447F234264700085425F /* Products */;
			projectDirPath = "";
			projectRoot = "";
			targets = (
				63F1447D234264700085425F /* DummyAlbum */,
			);
		};
/* End PBXProject section */

/* Begin PBXResourcesBuildPhase section */
		63F1447C234264700085425F /* Resources */ = {
			isa = PBXResourcesBuildPhase;
			buildActionMask = 2147483647;
			files = (
				63F1448C234264730085425F /* LaunchScreen.storyboard in Resources */,
				63F14489234264730085425F /* Assets.xcassets in Resources */,
				63F14487234264700085425F /* Main.storyboard in Resources */,
			);
			runOnlyForDeploymentPostprocessing = 0;
		};
/* End PBXResourcesBuildPhase section */

/* Begin PBXSourcesBuildPhase section */
		63F1447A234264700085425F /* Sources */ = {
			isa = PBXSourcesBuildPhase;
			buildActionMask = 2147483647;
			files = (
				63F14484234264700085425F /* ViewController.swift in Sources */,
				63F1449A234265CC0085425F /* PostController.swift in Sources */,
				63F14482234264700085425F /* AppDelegate.swift in Sources */,
				63F14498234265BF0085425F /* Post.swift in Sources */,
				63F1449C23426F8D0085425F /* ViewControllerCVCell.swift in Sources */,
			);
			runOnlyForDeploymentPostprocessing = 0;
		};
/* End PBXSourcesBuildPhase section */

/* Begin PBXVariantGroup section */
		63F14485234264700085425F /* Main.storyboard */ = {
			isa = PBXVariantGroup;
			children = (
				63F14486234264700085425F /* Base */,
			);
			name = Main.storyboard;
			sourceTree = "<group>";
		};
		63F1448A234264730085425F /* LaunchScreen.storyboard */ = {
			isa = PBXVariantGroup;
			children = (
				63F1448B234264730085425F /* Base */,
			);
			name = LaunchScreen.storyboard;
			sourceTree = "<group>";
		};
/* End PBXVariantGroup section */

/* Begin XCBuildConfiguration section */
		63F1448E234264730085425F /* Debug */ = {
			isa = XCBuildConfiguration;
			buildSettings = {
				ALWAYS_SEARCH_USER_PATHS = NO;
				CLANG_ANALYZER_NONNULL = YES;
				CLANG_ANALYZER_NUMBER_OBJECT_CONVERSION = YES_AGGRESSIVE;
				CLANG_CXX_LANGUAGE_STANDARD = "gnu++14";
				CLANG_CXX_LIBRARY = "libc++";
				CLANG_ENABLE_MODULES = YES;
				CLANG_ENABLE_OBJC_ARC = YES;
				CLANG_ENABLE_OBJC_WEAK = YES;
				CLANG_WARN_BLOCK_CAPTURE_AUTORELEASING = YES;
				CLANG_WARN_BOOL_CONVERSION = YES;
				CLANG_WARN_COMMA = YES;
				CLANG_WARN_CONSTANT_CONVERSION = YES;
				CLANG_WARN_DEPRECATED_OBJC_IMPLEMENTATIONS = YES;
				CLANG_WARN_DIRECT_OBJC_ISA_USAGE = YES_ERROR;
				CLANG_WARN_DOCUMENTATION_COMMENTS = YES;
				CLANG_WARN_EMPTY_BODY = YES;
				CLANG_WARN_ENUM_CONVERSION = YES;
				CLANG_WARN_INFINITE_RECURSION = YES;
				CLANG_WARN_INT_CONVERSION = YES;
				CLANG_WARN_NON_LITERAL_NULL_CONVERSION = YES;
				CLANG_WARN_OBJC_IMPLICIT_RETAIN_SELF = YES;
				CLANG_WARN_OBJC_LITERAL_CONVERSION = YES;
				CLANG_WARN_OBJC_ROOT_CLASS = YES_ERROR;
				CLANG_WARN_RANGE_LOOP_ANALYSIS = YES;
				CLANG_WARN_STRICT_PROTOTYPES = YES;
				CLANG_WARN_SUSPICIOUS_MOVE = YES;
				CLANG_WARN_UNGUARDED_AVAILABILITY = YES_AGGRESSIVE;
				CLANG_WARN_UNREACHABLE_CODE = YES;
				CLANG_WARN__DUPLICATE_METHOD_MATCH = YES;
				CODE_SIGN_IDENTITY = "iPhone Developer";
				COPY_PHASE_STRIP = NO;
				DEBUG_INFORMATION_FORMAT = dwarf;
				ENABLE_STRICT_OBJC_MSGSEND = YES;
				ENABLE_TESTABILITY = YES;
				GCC_C_LANGUAGE_STANDARD = gnu11;
				GCC_DYNAMIC_NO_PIC = NO;
				GCC_NO_COMMON_BLOCKS = YES;
				GCC_OPTIMIZATION_LEVEL = 0;
				GCC_PREPROCESSOR_DEFINITIONS = (
					"DEBUG=1",
					"$(inherited)",
				);
				GCC_WARN_64_TO_32_BIT_CONVERSION = YES;
				GCC_WARN_ABOUT_RETURN_TYPE = YES_ERROR;
				GCC_WARN_UNDECLARED_SELECTOR = YES;
				GCC_WARN_UNINITIALIZED_AUTOS = YES_AGGRESSIVE;
				GCC_WARN_UNUSED_FUNCTION = YES;
				GCC_WARN_UNUSED_VARIABLE = YES;
				IPHONEOS_DEPLOYMENT_TARGET = 12.4;
				MTL_ENABLE_DEBUG_INFO = INCLUDE_SOURCE;
				MTL_FAST_MATH = YES;
				ONLY_ACTIVE_ARCH = YES;
				SDKROOT = iphoneos;
				SWIFT_ACTIVE_COMPILATION_CONDITIONS = DEBUG;
				SWIFT_OPTIMIZATION_LEVEL = "-Onone";
			};
			name = Debug;
		};
		63F1448F234264730085425F /* Release */ = {
			isa = XCBuildConfiguration;
			buildSettings = {
				ALWAYS_SEARCH_USER_PATHS = NO;
				CLANG_ANALYZER_NONNULL = YES;
				CLANG_ANALYZER_NUMBER_OBJECT_CONVERSION = YES_AGGRESSIVE;
				CLANG_CXX_LANGUAGE_STANDARD = "gnu++14";
				CLANG_CXX_LIBRARY = "libc++";
				CLANG_ENABLE_MODULES = YES;
				CLANG_ENABLE_OBJC_ARC = YES;
				CLANG_ENABLE_OBJC_WEAK = YES;
				CLANG_WARN_BLOCK_CAPTURE_AUTORELEASING = YES;
				CLANG_WARN_BOOL_CONVERSION = YES;
				CLANG_WARN_COMMA = YES;
				CLANG_WARN_CONSTANT_CONVERSION = YES;
				CLANG_WARN_DEPRECATED_OBJC_IMPLEMENTATIONS = YES;
				CLANG_WARN_DIRECT_OBJC_ISA_USAGE = YES_ERROR;
				CLANG_WARN_DOCUMENTATION_COMMENTS = YES;
				CLANG_WARN_EMPTY_BODY = YES;
				CLANG_WARN_ENUM_CONVERSION = YES;
				CLANG_WARN_INFINITE_RECURSION = YES;
				CLANG_WARN_INT_CONVERSION = YES;
				CLANG_WARN_NON_LITERAL_NULL_CONVERSION = YES;
				CLANG_WARN_OBJC_IMPLICIT_RETAIN_SELF = YES;
				CLANG_WARN_OBJC_LITERAL_CONVERSION = YES;
				CLANG_WARN_OBJC_ROOT_CLASS = YES_ERROR;
				CLANG_WARN_RANGE_LOOP_ANALYSIS = YES;
				CLANG_WARN_STRICT_PROTOTYPES = YES;
				CLANG_WARN_SUSPICIOUS_MOVE = YES;
				CLANG_WARN_UNGUARDED_AVAILABILITY = YES_AGGRESSIVE;
				CLANG_WARN_UNREACHABLE_CODE = YES;
				CLANG_WARN__DUPLICATE_METHOD_MATCH = YES;
				CODE_SIGN_IDENTITY = "iPhone Developer";
				COPY_PHASE_STRIP = NO;
				DEBUG_INFORMATION_FORMAT = "dwarf-with-dsym";
				ENABLE_NS_ASSERTIONS = NO;
				ENABLE_STRICT_OBJC_MSGSEND = YES;
				GCC_C_LANGUAGE_STANDARD = gnu11;
				GCC_NO_COMMON_BLOCKS = YES;
				GCC_WARN_64_TO_32_BIT_CONVERSION = YES;
				GCC_WARN_ABOUT_RETURN_TYPE = YES_ERROR;
				GCC_WARN_UNDECLARED_SELECTOR = YES;
				GCC_WARN_UNINITIALIZED_AUTOS = YES_AGGRESSIVE;
				GCC_WARN_UNUSED_FUNCTION = YES;
				GCC_WARN_UNUSED_VARIABLE = YES;
				IPHONEOS_DEPLOYMENT_TARGET = 12.4;
				MTL_ENABLE_DEBUG_INFO = NO;
				MTL_FAST_MATH = YES;
				SDKROOT = iphoneos;
				SWIFT_COMPILATION_MODE = wholemodule;
				SWIFT_OPTIMIZATION_LEVEL = "-O";
				VALIDATE_PRODUCT = YES;
			};
			name = Release;
		};
		63F14491234264730085425F /* Debug */ = {
			isa = XCBuildConfiguration;
			buildSettings = {
				ASSETCATALOG_COMPILER_APPICON_NAME = AppIcon;
				CODE_SIGN_STYLE = Automatic;
				DEVELOPMENT_TEAM = 83YG3ZQCH4;
				INFOPLIST_FILE = "$(SRCROOT)/DummyAlbum/Resources/Info.plist";
				LD_RUNPATH_SEARCH_PATHS = (
					"$(inherited)",
					"@executable_path/Frameworks",
				);
				PRODUCT_BUNDLE_IDENTIFIER = com.blakekvarfordt.DummyAlbum;
				PRODUCT_NAME = "$(TARGET_NAME)";
				SWIFT_VERSION = 5.0;
				TARGETED_DEVICE_FAMILY = "1,2";
			};
			name = Debug;
		};
		63F14492234264730085425F /* Release */ = {
			isa = XCBuildConfiguration;
			buildSettings = {
				ASSETCATALOG_COMPILER_APPICON_NAME = AppIcon;
				CODE_SIGN_STYLE = Automatic;
				DEVELOPMENT_TEAM = 83YG3ZQCH4;
				INFOPLIST_FILE = "$(SRCROOT)/DummyAlbum/Resources/Info.plist";
				LD_RUNPATH_SEARCH_PATHS = (
					"$(inherited)",
					"@executable_path/Frameworks",
				);
				PRODUCT_BUNDLE_IDENTIFIER = com.blakekvarfordt.DummyAlbum;
				PRODUCT_NAME = "$(TARGET_NAME)";
				SWIFT_VERSION = 5.0;
				TARGETED_DEVICE_FAMILY = "1,2";
			};
			name = Release;
		};
/* End XCBuildConfiguration section */

/* Begin XCConfigurationList section */
		63F14479234264700085425F /* Build configuration list for PBXProject "DummyAlbum" */ = {
			isa = XCConfigurationList;
			buildConfigurations = (
				63F1448E234264730085425F /* Debug */,
				63F1448F234264730085425F /* Release */,
			);
			defaultConfigurationIsVisible = 0;
			defaultConfigurationName = Release;
		};
		63F14490234264730085425F /* Build configuration list for PBXNativeTarget "DummyAlbum" */ = {
			isa = XCConfigurationList;
			buildConfigurations = (
				63F14491234264730085425F /* Debug */,
				63F14492234264730085425F /* Release */,
			);
			defaultConfigurationIsVisible = 0;
			defaultConfigurationName = Release;
		};
/* End XCConfigurationList section */
	};
	rootObject = 63F14476234264700085425F /* Project object */;
}
